
Microsoft Visual Studio Solution File, Format Version 12.00
# Visual Studio Version 17
VisualStudioVersion = 17.7.34221.43
MinimumVisualStudioVersion = 10.0.40219.1
Project("{8BC9CEB8-8B4A-11D0-8D11-00A0C91BC942}") = "MorePointers", "MorePointers\MorePointers.vcxproj", "{BB3FE557-0E1E-4D2B-BECC-A568F7A5700F}"
EndProject
Global
	GlobalSection(SolutionConfigurationPlatforms) = preSolution
		Debug|x64 = Debug|x64
		Debug|x86 = Debug|x86
		Release|x64 = Release|x64
		Release|x86 = Release|x86
	EndGlobalSection
	GlobalSection(ProjectConfigurationPlatforms) = postSolution
		{BB3FE557-0E1E-4D2B-BECC-A568F7A5700F}.Debug|x64.ActiveCfg = Debug|x64
		{BB3FE557-0E1E-4D2B-BECC-A568F7A5700F}.Debug|x64.Build.0 = Debug|x64
		{BB3FE557-0E1E-4D2B-BECC-A568F7A5700F}.Debug|x86.ActiveCfg = Debug|Win32
		{BB3FE557-0E1E-4D2B-BECC-A568F7A5700F}.Debug|x86.Build.0 = Debug|Win32
		{BB3FE557-0E1E-4D2B-BECC-A568F7A5700F}.Release|x64.ActiveCfg = Release|x64
		{BB3FE557-0E1E-4D2B-BECC-A568F7A5700F}.Release|x64.Build.0 = Release|x64
		{BB3FE557-0E1E-4D2B-BECC-A568F7A5700F}.Release|x86.ActiveCfg = Release|Win32
		{BB3FE557-0E1E-4D2B-BECC-A568F7A5700F}.Release|x86.Build.0 = Release|Win32
	EndGlobalSection
	GlobalSection(SolutionProperties) = preSolution
		HideSolutionNode = FALSE
	EndGlobalSection
	GlobalSection(ExtensibilityGlobals) = postSolution
		SolutionGuid = {CE38775B-C865-4BF3-A17E-59D0E4DF5262}
	EndGlobalSection
EndGlobal
